
Microsoft Visual Studio Solution File, Format Version 12.00
# Visual Studio Version 17
VisualStudioVersion = 17.8.34309.116
MinimumVisualStudioVersion = 10.0.40219.1
Project("{FAE04EC0-301F-11D3-BF4B-00C04F79EFBC}") = "TsvMerger", "TsvMerger\TsvMerger.csproj", "{A883BABE-FEF7-4C41-9A4C-7944B5F3C2AE}"
EndProject
Global
	GlobalSection(SolutionConfigurationPlatforms) = preSolution
		Debug|Any CPU = Debug|Any CPU
		Release|Any CPU = Release|Any CPU
	EndGlobalSection
	GlobalSection(ProjectConfigurationPlatforms) = postSolution
		{A883BABE-FEF7-4C41-9A4C-7944B5F3C2AE}.Debug|Any CPU.ActiveCfg = Debug|Any CPU
		{A883BABE-FEF7-4C41-9A4C-7944B5F3C2AE}.Debug|Any CPU.Build.0 = Debug|Any CPU
		{A883BABE-FEF7-4C41-9A4C-7944B5F3C2AE}.Release|Any CPU.ActiveCfg = Release|Any CPU
		{A883BABE-FEF7-4C41-9A4C-7944B5F3C2AE}.Release|Any CPU.Build.0 = Release|Any CPU
	EndGlobalSection
	GlobalSection(SolutionProperties) = preSolution
		HideSolutionNode = FALSE
	EndGlobalSection
	GlobalSection(ExtensibilityGlobals) = postSolution
		SolutionGuid = {E0036AD7-6B29-4F48-87AA-4843C4A6FCAD}
	EndGlobalSection
EndGlobal
